dependencies:
  '@programmerare/epsg_constants': 10.11.1
lockfileVersion: 5.2
packages:
  /@programmerare/epsg_constants/10.11.1:
    dev: false
    resolution:
      integrity: sha512-+zJXF7E9lhXo057LpmXa/b6YJULvv9PmMoa5BL5edCiSK9QLpJBFNoXdvK6v5iBNKgw1Rtk4DeW+UEorl+NBfg==
specifiers:
  '@programmerare/epsg_constants': ^10.11.1
